// !$*UTF8*$!
{
	archiveVersion = 1;
	classes = {
	};
	objectVersion = 51;
	objects = {

/* Begin PBXBuildFile section */
		000E912C98459B54123469EC /* Pods_Domain.framework in Frameworks */ = {isa = PBXBuildFile; fileRef = E22F448BFB097994CB4264BC /* Pods_Domain.framework */; };
		1ECB1A6305299A9509E0F25B /* Pods_Infra_InfraTests.framework in Frameworks */ = {isa = PBXBuildFile; fileRef = AC4F640F7DCB2256963C3EEE /* Pods_Infra_InfraTests.framework */; };
		5EC8A71084DB30CDFCC28352 /* Pods_Infra.framework in Frameworks */ = {isa = PBXBuildFile; fileRef = 7E8FF7A0401D5EF4010DC46E /* Pods_Infra.framework */; };
		85028CF81D9018C6A4FDDE9E /* Pods_UseCaseIntegrationTests.framework in Frameworks */ = {isa = PBXBuildFile; fileRef = 37DB686AA9FD4F6AA4064497 /* Pods_UseCaseIntegrationTests.framework */; };
		A761CBD24146BF86919C9B14 /* Pods_Data.framework in Frameworks */ = {isa = PBXBuildFile; fileRef = 68D92CB2340C3A33640084B5 /* Pods_Data.framework */; };
		B4370AA326BF52300070C155 /* TwitterProfileIntegrationTests.swift in Sources */ = {isa = PBXBuildFile; fileRef = B4370AA226BF52300070C155 /* TwitterProfileIntegrationTests.swift */; };
		B4370AC826BF63860070C155 /* HttpClientSpy.swift in Sources */ = {isa = PBXBuildFile; fileRef = B4370AC726BF63860070C155 /* HttpClientSpy.swift */; };
		B4370AD726BF643C0070C155 /* DictionaryExtensions.swift in Sources */ = {isa = PBXBuildFile; fileRef = B4370AD626BF643C0070C155 /* DictionaryExtensions.swift */; };
		B4370AEA26C0217E0070C155 /* TweetTimeline.swift in Sources */ = {isa = PBXBuildFile; fileRef = B4370AE926C0217E0070C155 /* TweetTimeline.swift */; };
		B4370AF126C022380070C155 /* TweetTimelineModel.swift in Sources */ = {isa = PBXBuildFile; fileRef = B4370AF026C022380070C155 /* TweetTimelineModel.swift */; };
		B4370AFB26C023140070C155 /* RemoteTweetTimeline.swift in Sources */ = {isa = PBXBuildFile; fileRef = B4370AFA26C023140070C155 /* RemoteTweetTimeline.swift */; };
		B4370B0126C0241E0070C155 /* RemoteTweetTimelineTests.swift in Sources */ = {isa = PBXBuildFile; fileRef = B4370B0026C0241E0070C155 /* RemoteTweetTimelineTests.swift */; };
		B4370B0F26C025220070C155 /* XCTestCaseExtensions.swift in Sources */ = {isa = PBXBuildFile; fileRef = B4370B0E26C025220070C155 /* XCTestCaseExtensions.swift */; };
		B4370B1526C02F8E0070C155 /* TweetTimelineIntegrationTests.swift in Sources */ = {isa = PBXBuildFile; fileRef = B4370B1426C02F8E0070C155 /* TweetTimelineIntegrationTests.swift */; };
		B4370B1B26C05AA30070C155 /* AnalyzeSentiment.swift in Sources */ = {isa = PBXBuildFile; fileRef = B4370B1A26C05AA30070C155 /* AnalyzeSentiment.swift */; };
		B4370B2126C05C6A0070C155 /* AnalyzeSentimentModel.swift in Sources */ = {isa = PBXBuildFile; fileRef = B4370B2026C05C6A0070C155 /* AnalyzeSentimentModel.swift */; };
		B4370B3126C05EBE0070C155 /* RemoteAnalyzeSentiment.swift in Sources */ = {isa = PBXBuildFile; fileRef = B4370B3026C05EBE0070C155 /* RemoteAnalyzeSentiment.swift */; };
		B4370B3726C05F800070C155 /* RemoteAnalyzeSentimentTests.swift in Sources */ = {isa = PBXBuildFile; fileRef = B4370B3626C05F800070C155 /* RemoteAnalyzeSentimentTests.swift */; };
		B4370B4C26C069870070C155 /* HttpMethod.swift in Sources */ = {isa = PBXBuildFile; fileRef = B4370B4B26C069870070C155 /* HttpMethod.swift */; };
		B4FEAEA026BEDD9F005F4A81 /* TwitterProfile.swift in Sources */ = {isa = PBXBuildFile; fileRef = B4FEAE9F26BEDD9F005F4A81 /* TwitterProfile.swift */; };
		B4FEAEA526BEDF6B005F4A81 /* DomainError.swift in Sources */ = {isa = PBXBuildFile; fileRef = B4FEAEA426BEDF6B005F4A81 /* DomainError.swift */; };
		B4FEAEAA26BEE0F0005F4A81 /* TwitterProfileModel.swift in Sources */ = {isa = PBXBuildFile; fileRef = B4FEAEA926BEE0F0005F4A81 /* TwitterProfileModel.swift */; };
		B4FEAF8326BEE93D005F4A81 /* Data.framework in Frameworks */ = {isa = PBXBuildFile; fileRef = B4FEAF7A26BEE93D005F4A81 /* Data.framework */; };
		B4FEAF8826BEE93D005F4A81 /* RemoteTwitterProfileTests.swift in Sources */ = {isa = PBXBuildFile; fileRef = B4FEAF8726BEE93D005F4A81 /* RemoteTwitterProfileTests.swift */; };
		B4FEAF9526BEE9A8005F4A81 /* RemoteTwitterProfile.swift in Sources */ = {isa = PBXBuildFile; fileRef = B4FEAF9426BEE9A8005F4A81 /* RemoteTwitterProfile.swift */; };
		B4FEAFA226BEE9D0005F4A81 /* Domain.framework in Frameworks */ = {isa = PBXBuildFile; fileRef = B4FEAE9326BEDBDA005F4A81 /* Domain.framework */; };
		B4FEAFA326BEE9D0005F4A81 /* Domain.framework in Embed Frameworks */ = {isa = PBXBuildFile; fileRef = B4FEAE9326BEDBDA005F4A81 /* Domain.framework */; settings = {ATTRIBUTES = (CodeSignOnCopy, RemoveHeadersOnCopy, ); }; };
		B4FEAFAB26BEEADD005F4A81 /* TestFactories.swift in Sources */ = {isa = PBXBuildFile; fileRef = B4FEAFAA26BEEADD005F4A81 /* TestFactories.swift */; };
		B4FEAFB226BEEB6A005F4A81 /* HttpClient.swift in Sources */ = {isa = PBXBuildFile; fileRef = B4FEAFB126BEEB6A005F4A81 /* HttpClient.swift */; };
		B4FEAFB826BEEBB9005F4A81 /* HttpError.swift in Sources */ = {isa = PBXBuildFile; fileRef = B4FEAFB726BEEBB9005F4A81 /* HttpError.swift */; };
		B4FEAFBE26BEEFD0005F4A81 /* Model.swift in Sources */ = {isa = PBXBuildFile; fileRef = B4FEAFBD26BEEFD0005F4A81 /* Model.swift */; };
		B4FEAFC526BF0C34005F4A81 /* DataExtension.swift in Sources */ = {isa = PBXBuildFile; fileRef = B4FEAFC426BF0C34005F4A81 /* DataExtension.swift */; };
		B4FEAFD826BF10E2005F4A81 /* Infra.framework in Frameworks */ = {isa = PBXBuildFile; fileRef = B4FEAFCF26BF10E2005F4A81 /* Infra.framework */; };
		B4FEAFDD26BF10E2005F4A81 /* AlamofireAdapterTests.swift in Sources */ = {isa = PBXBuildFile; fileRef = B4FEAFDC26BF10E2005F4A81 /* AlamofireAdapterTests.swift */; };
		B4FEAFF726BF11A5005F4A81 /* AlamofireGetAdapter.swift in Sources */ = {isa = PBXBuildFile; fileRef = B4FEAFF626BF11A5005F4A81 /* AlamofireGetAdapter.swift */; };
		B4FEAFFE26BF1249005F4A81 /* Data.framework in Frameworks */ = {isa = PBXBuildFile; fileRef = B4FEAF7A26BEE93D005F4A81 /* Data.framework */; };
		B4FEAFFF26BF1249005F4A81 /* Data.framework in Embed Frameworks */ = {isa = PBXBuildFile; fileRef = B4FEAF7A26BEE93D005F4A81 /* Data.framework */; settings = {ATTRIBUTES = (CodeSignOnCopy, RemoveHeadersOnCopy, ); }; };
		B4FEB02626BF13C4005F4A81 /* URLProtocolStubs.swift in Sources */ = {isa = PBXBuildFile; fileRef = B4FEB02526BF13C4005F4A81 /* URLProtocolStubs.swift */; };
		B4FEB02D26BF1429005F4A81 /* TestFactories.swift in Sources */ = {isa = PBXBuildFile; fileRef = B4FEAFAA26BEEADD005F4A81 /* TestFactories.swift */; };
		DD8C45591E25917F5E5EA267 /* Pods_Data_DataTests.framework in Frameworks */ = {isa = PBXBuildFile; fileRef = BCC7E08FDDB3600E277EB349 /* Pods_Data_DataTests.framework */; };
/* End PBXBuildFile section */

/* Begin PBXContainerItemProxy section */
		B4FEAF8426BEE93D005F4A81 /* PBXContainerItemProxy */ = {
			isa = PBXContainerItemProxy;
			containerPortal = B4FEAE7826BEDBB7005F4A81 /* Project object */;
			proxyType = 1;
			remoteGlobalIDString = B4FEAF7926BEE93D005F4A81;
			remoteInfo = Data;
		};
		B4FEAFA426BEE9D0005F4A81 /* PBXContainerItemProxy */ = {
			isa = PBXContainerItemProxy;
			containerPortal = B4FEAE7826BEDBB7005F4A81 /* Project object */;
			proxyType = 1;
			remoteGlobalIDString = B4FEAE9226BEDBDA005F4A81;
			remoteInfo = Domain;
		};
		B4FEAFD926BF10E2005F4A81 /* PBXContainerItemProxy */ = {
			isa = PBXContainerItemProxy;
			containerPortal = B4FEAE7826BEDBB7005F4A81 /* Project object */;
			proxyType = 1;
			remoteGlobalIDString = B4FEAFCE26BF10E2005F4A81;
			remoteInfo = Infra;
		};
		B4FEB00026BF1249005F4A81 /* PBXContainerItemProxy */ = {
			isa = PBXContainerItemProxy;
			containerPortal = B4FEAE7826BEDBB7005F4A81 /* Project object */;
			proxyType = 1;
			remoteGlobalIDString = B4FEAF7926BEE93D005F4A81;
			remoteInfo = Data;
		};
/* End PBXContainerItemProxy section */

/* Begin PBXCopyFilesBuildPhase section */
		B4FEAFA626BEE9D0005F4A81 /* Embed Frameworks */ = {
			isa = PBXCopyFilesBuildPhase;
			buildActionMask = 2147483647;
			dstPath = "";
			dstSubfolderSpec = 10;
			files = (
				B4FEAFA326BEE9D0005F4A81 /* Domain.framework in Embed Frameworks */,
			);
			name = "Embed Frameworks";
			runOnlyForDeploymentPostprocessing = 0;
		};
		B4FEB00226BF1249005F4A81 /* Embed Frameworks */ = {
			isa = PBXCopyFilesBuildPhase;
			buildActionMask = 2147483647;
			dstPath = "";
			dstSubfolderSpec = 10;
			files = (
				B4FEAFFF26BF1249005F4A81 /* Data.framework in Embed Frameworks */,
			);
			name = "Embed Frameworks";
			runOnlyForDeploymentPostprocessing = 0;
		};
/* End PBXCopyFilesBuildPhase section */

/* Begin PBXFileReference section */
		12567D82B47776B25771EEFD /* Pods-Infra.debug.xcconfig */ = {isa = PBXFileReference; includeInIndex = 1; lastKnownFileType = text.xcconfig; name = "Pods-Infra.debug.xcconfig"; path = "Target Support Files/Pods-Infra/Pods-Infra.debug.xcconfig"; sourceTree = "<group>"; };
		13E956F8A777372D6859B456 /* Pods-Data.debug.xcconfig */ = {isa = PBXFileReference; includeInIndex = 1; lastKnownFileType = text.xcconfig; name = "Pods-Data.debug.xcconfig"; path = "Target Support Files/Pods-Data/Pods-Data.debug.xcconfig"; sourceTree = "<group>"; };
		37DB686AA9FD4F6AA4064497 /* Pods_UseCaseIntegrationTests.framework */ = {isa = PBXFileReference; explicitFileType = wrapper.framework; includeInIndex = 0; path = Pods_UseCaseIntegrationTests.framework; sourceTree = BUILT_PRODUCTS_DIR; };
		544CB692ACE77EAF0CD42B34 /* Pods-Data-DataTests.debug.xcconfig */ = {isa = PBXFileReference; includeInIndex = 1; lastKnownFileType = text.xcconfig; name = "Pods-Data-DataTests.debug.xcconfig"; path = "Target Support Files/Pods-Data-DataTests/Pods-Data-DataTests.debug.xcconfig"; sourceTree = "<group>"; };
		68D92CB2340C3A33640084B5 /* Pods_Data.framework */ = {isa = PBXFileReference; explicitFileType = wrapper.framework; includeInIndex = 0; path = Pods_Data.framework; sourceTree = BUILT_PRODUCTS_DIR; };
		6CCCE4833B384E0292E3A8B2 /* Pods-Domain.release.xcconfig */ = {isa = PBXFileReference; includeInIndex = 1; lastKnownFileType = text.xcconfig; name = "Pods-Domain.release.xcconfig"; path = "Target Support Files/Pods-Domain/Pods-Domain.release.xcconfig"; sourceTree = "<group>"; };
		74E579017E1385A0454F6931 /* Pods-Data.release.xcconfig */ = {isa = PBXFileReference; includeInIndex = 1; lastKnownFileType = text.xcconfig; name = "Pods-Data.release.xcconfig"; path = "Target Support Files/Pods-Data/Pods-Data.release.xcconfig"; sourceTree = "<group>"; };
		7D995EA61634FC61FF6177AC /* Pods-UseCaseIntegrationTests.release.xcconfig */ = {isa = PBXFileReference; includeInIndex = 1; lastKnownFileType = text.xcconfig; name = "Pods-UseCaseIntegrationTests.release.xcconfig"; path = "Target Support Files/Pods-UseCaseIntegrationTests/Pods-UseCaseIntegrationTests.release.xcconfig"; sourceTree = "<group>"; };
		7E8FF7A0401D5EF4010DC46E /* Pods_Infra.framework */ = {isa = PBXFileReference; explicitFileType = wrapper.framework; includeInIndex = 0; path = Pods_Infra.framework; sourceTree = BUILT_PRODUCTS_DIR; };
		A1E9B9320D3D1AFA4A38E7EA /* Pods-Infra-InfraTests.debug.xcconfig */ = {isa = PBXFileReference; includeInIndex = 1; lastKnownFileType = text.xcconfig; name = "Pods-Infra-InfraTests.debug.xcconfig"; path = "Target Support Files/Pods-Infra-InfraTests/Pods-Infra-InfraTests.debug.xcconfig"; sourceTree = "<group>"; };
		AC4F640F7DCB2256963C3EEE /* Pods_Infra_InfraTests.framework */ = {isa = PBXFileReference; explicitFileType = wrapper.framework; includeInIndex = 0; path = Pods_Infra_InfraTests.framework; sourceTree = BUILT_PRODUCTS_DIR; };
		B4370AA026BF52300070C155 /* UseCaseIntegrationTests.xctest */ = {isa = PBXFileReference; explicitFileType = wrapper.cfbundle; includeInIndex = 0; path = UseCaseIntegrationTests.xctest; sourceTree = BUILT_PRODUCTS_DIR; };
		B4370AA226BF52300070C155 /* TwitterProfileIntegrationTests.swift */ = {isa = PBXFileReference; lastKnownFileType = sourcecode.swift; path = TwitterProfileIntegrationTests.swift; sourceTree = "<group>"; };
		B4370AA426BF52300070C155 /* Info.plist */ = {isa = PBXFileReference; lastKnownFileType = text.plist.xml; path = Info.plist; sourceTree = "<group>"; };
		B4370AC726BF63860070C155 /* HttpClientSpy.swift */ = {isa = PBXFileReference; lastKnownFileType = sourcecode.swift; path = HttpClientSpy.swift; sourceTree = "<group>"; };
		B4370AD626BF643C0070C155 /* DictionaryExtensions.swift */ = {isa = PBXFileReference; lastKnownFileType = sourcecode.swift; path = DictionaryExtensions.swift; sourceTree = "<group>"; };
		B4370AE926C0217E0070C155 /* TweetTimeline.swift */ = {isa = PBXFileReference; lastKnownFileType = sourcecode.swift; path = TweetTimeline.swift; sourceTree = "<group>"; };
		B4370AF026C022380070C155 /* TweetTimelineModel.swift */ = {isa = PBXFileReference; lastKnownFileType = sourcecode.swift; path = TweetTimelineModel.swift; sourceTree = "<group>"; };
		B4370AFA26C023140070C155 /* RemoteTweetTimeline.swift */ = {isa = PBXFileReference; lastKnownFileType = sourcecode.swift; path = RemoteTweetTimeline.swift; sourceTree = "<group>"; };
		B4370B0026C0241E0070C155 /* RemoteTweetTimelineTests.swift */ = {isa = PBXFileReference; lastKnownFileType = sourcecode.swift; path = RemoteTweetTimelineTests.swift; sourceTree = "<group>"; };
		B4370B0E26C025220070C155 /* XCTestCaseExtensions.swift */ = {isa = PBXFileReference; lastKnownFileType = sourcecode.swift; path = XCTestCaseExtensions.swift; sourceTree = "<group>"; };
		B4370B1426C02F8E0070C155 /* TweetTimelineIntegrationTests.swift */ = {isa = PBXFileReference; lastKnownFileType = sourcecode.swift; path = TweetTimelineIntegrationTests.swift; sourceTree = "<group>"; };
		B4370B1A26C05AA30070C155 /* AnalyzeSentiment.swift */ = {isa = PBXFileReference; lastKnownFileType = sourcecode.swift; path = AnalyzeSentiment.swift; sourceTree = "<group>"; };
		B4370B2026C05C6A0070C155 /* AnalyzeSentimentModel.swift */ = {isa = PBXFileReference; lastKnownFileType = sourcecode.swift; path = AnalyzeSentimentModel.swift; sourceTree = "<group>"; };
		B4370B3026C05EBE0070C155 /* RemoteAnalyzeSentiment.swift */ = {isa = PBXFileReference; lastKnownFileType = sourcecode.swift; path = RemoteAnalyzeSentiment.swift; sourceTree = "<group>"; };
		B4370B3626C05F800070C155 /* RemoteAnalyzeSentimentTests.swift */ = {isa = PBXFileReference; lastKnownFileType = sourcecode.swift; path = RemoteAnalyzeSentimentTests.swift; sourceTree = "<group>"; };
		B4370B4B26C069870070C155 /* HttpMethod.swift */ = {isa = PBXFileReference; lastKnownFileType = sourcecode.swift; path = HttpMethod.swift; sourceTree = "<group>"; };
		B4FEAE9326BEDBDA005F4A81 /* Domain.framework */ = {isa = PBXFileReference; explicitFileType = wrapper.framework; includeInIndex = 0; path = Domain.framework; sourceTree = BUILT_PRODUCTS_DIR; };
		B4FEAE9626BEDBDA005F4A81 /* Info.plist */ = {isa = PBXFileReference; lastKnownFileType = text.plist.xml; path = Info.plist; sourceTree = "<group>"; };
		B4FEAE9F26BEDD9F005F4A81 /* TwitterProfile.swift */ = {isa = PBXFileReference; lastKnownFileType = sourcecode.swift; path = TwitterProfile.swift; sourceTree = "<group>"; };
		B4FEAEA426BEDF6B005F4A81 /* DomainError.swift */ = {isa = PBXFileReference; lastKnownFileType = sourcecode.swift; path = DomainError.swift; sourceTree = "<group>"; };
		B4FEAEA926BEE0F0005F4A81 /* TwitterProfileModel.swift */ = {isa = PBXFileReference; lastKnownFileType = sourcecode.swift; path = TwitterProfileModel.swift; sourceTree = "<group>"; };
		B4FEAF7A26BEE93D005F4A81 /* Data.framework */ = {isa = PBXFileReference; explicitFileType = wrapper.framework; includeInIndex = 0; path = Data.framework; sourceTree = BUILT_PRODUCTS_DIR; };
		B4FEAF7D26BEE93D005F4A81 /* Info.plist */ = {isa = PBXFileReference; lastKnownFileType = text.plist.xml; path = Info.plist; sourceTree = "<group>"; };
		B4FEAF8226BEE93D005F4A81 /* DataTests.xctest */ = {isa = PBXFileReference; explicitFileType = wrapper.cfbundle; includeInIndex = 0; path = DataTests.xctest; sourceTree = BUILT_PRODUCTS_DIR; };
		B4FEAF8726BEE93D005F4A81 /* RemoteTwitterProfileTests.swift */ = {isa = PBXFileReference; lastKnownFileType = sourcecode.swift; path = RemoteTwitterProfileTests.swift; sourceTree = "<group>"; };
		B4FEAF8926BEE93D005F4A81 /* Info.plist */ = {isa = PBXFileReference; lastKnownFileType = text.plist.xml; path = Info.plist; sourceTree = "<group>"; };
		B4FEAF9426BEE9A8005F4A81 /* RemoteTwitterProfile.swift */ = {isa = PBXFileReference; lastKnownFileType = sourcecode.swift; path = RemoteTwitterProfile.swift; sourceTree = "<group>"; };
		B4FEAFAA26BEEADD005F4A81 /* TestFactories.swift */ = {isa = PBXFileReference; lastKnownFileType = sourcecode.swift; path = TestFactories.swift; sourceTree = "<group>"; };
		B4FEAFB126BEEB6A005F4A81 /* HttpClient.swift */ = {isa = PBXFileReference; lastKnownFileType = sourcecode.swift; path = HttpClient.swift; sourceTree = "<group>"; };
		B4FEAFB726BEEBB9005F4A81 /* HttpError.swift */ = {isa = PBXFileReference; lastKnownFileType = sourcecode.swift; path = HttpError.swift; sourceTree = "<group>"; };
		B4FEAFBD26BEEFD0005F4A81 /* Model.swift */ = {isa = PBXFileReference; lastKnownFileType = sourcecode.swift; path = Model.swift; sourceTree = "<group>"; };
		B4FEAFC426BF0C34005F4A81 /* DataExtension.swift */ = {isa = PBXFileReference; lastKnownFileType = sourcecode.swift; path = DataExtension.swift; sourceTree = "<group>"; };
		B4FEAFCF26BF10E2005F4A81 /* Infra.framework */ = {isa = PBXFileReference; explicitFileType = wrapper.framework; includeInIndex = 0; path = Infra.framework; sourceTree = BUILT_PRODUCTS_DIR; };
		B4FEAFD226BF10E2005F4A81 /* Info.plist */ = {isa = PBXFileReference; lastKnownFileType = text.plist.xml; path = Info.plist; sourceTree = "<group>"; };
		B4FEAFD726BF10E2005F4A81 /* InfraTests.xctest */ = {isa = PBXFileReference; explicitFileType = wrapper.cfbundle; includeInIndex = 0; path = InfraTests.xctest; sourceTree = BUILT_PRODUCTS_DIR; };
		B4FEAFDC26BF10E2005F4A81 /* AlamofireAdapterTests.swift */ = {isa = PBXFileReference; lastKnownFileType = sourcecode.swift; path = AlamofireAdapterTests.swift; sourceTree = "<group>"; };
		B4FEAFDE26BF10E2005F4A81 /* Info.plist */ = {isa = PBXFileReference; lastKnownFileType = text.plist.xml; path = Info.plist; sourceTree = "<group>"; };
		B4FEAFF626BF11A5005F4A81 /* AlamofireGetAdapter.swift */ = {isa = PBXFileReference; lastKnownFileType = sourcecode.swift; path = AlamofireGetAdapter.swift; sourceTree = "<group>"; };
		B4FEB02526BF13C4005F4A81 /* URLProtocolStubs.swift */ = {isa = PBXFileReference; lastKnownFileType = sourcecode.swift; path = URLProtocolStubs.swift; sourceTree = "<group>"; };
		B786EA058F20C10FFE92442B /* Pods-Domain.debug.xcconfig */ = {isa = PBXFileReference; includeInIndex = 1; lastKnownFileType = text.xcconfig; name = "Pods-Domain.debug.xcconfig"; path = "Target Support Files/Pods-Domain/Pods-Domain.debug.xcconfig"; sourceTree = "<group>"; };
		BC209E947AEE478C1C00EFF0 /* Pods-UseCaseIntegrationTests.debug.xcconfig */ = {isa = PBXFileReference; includeInIndex = 1; lastKnownFileType = text.xcconfig; name = "Pods-UseCaseIntegrationTests.debug.xcconfig"; path = "Target Support Files/Pods-UseCaseIntegrationTests/Pods-UseCaseIntegrationTests.debug.xcconfig"; sourceTree = "<group>"; };
		BCC7E08FDDB3600E277EB349 /* Pods_Data_DataTests.framework */ = {isa = PBXFileReference; explicitFileType = wrapper.framework; includeInIndex = 0; path = Pods_Data_DataTests.framework; sourceTree = BUILT_PRODUCTS_DIR; };
		BED13A75B85501BA76DDA72D /* Pods-Infra.release.xcconfig */ = {isa = PBXFileReference; includeInIndex = 1; lastKnownFileType = text.xcconfig; name = "Pods-Infra.release.xcconfig"; path = "Target Support Files/Pods-Infra/Pods-Infra.release.xcconfig"; sourceTree = "<group>"; };
		C47EC0F78DB7792FFC5EE261 /* Pods-Data-DataTests.release.xcconfig */ = {isa = PBXFileReference; includeInIndex = 1; lastKnownFileType = text.xcconfig; name = "Pods-Data-DataTests.release.xcconfig"; path = "Target Support Files/Pods-Data-DataTests/Pods-Data-DataTests.release.xcconfig"; sourceTree = "<group>"; };
		E22F448BFB097994CB4264BC /* Pods_Domain.framework */ = {isa = PBXFileReference; explicitFileType = wrapper.framework; includeInIndex = 0; path = Pods_Domain.framework; sourceTree = BUILT_PRODUCTS_DIR; };
		EC03B0ED98EDB48462FD8BD0 /* Pods-Infra-InfraTests.release.xcconfig */ = {isa = PBXFileReference; includeInIndex = 1; lastKnownFileType = text.xcconfig; name = "Pods-Infra-InfraTests.release.xcconfig"; path = "Target Support Files/Pods-Infra-InfraTests/Pods-Infra-InfraTests.release.xcconfig"; sourceTree = "<group>"; };
/* End PBXFileReference section */

/* Begin PBXFrameworksBuildPhase section */
		B4370A9D26BF52300070C155 /* Frameworks */ = {
			isa = PBXFrameworksBuildPhase;
			buildActionMask = 2147483647;
			files = (
				85028CF81D9018C6A4FDDE9E /* Pods_UseCaseIntegrationTests.framework in Frameworks */,
			);
			runOnlyForDeploymentPostprocessing = 0;
		};
		B4FEAE9026BEDBDA005F4A81 /* Frameworks */ = {
			isa = PBXFrameworksBuildPhase;
			buildActionMask = 2147483647;
			files = (
				000E912C98459B54123469EC /* Pods_Domain.framework in Frameworks */,
			);
			runOnlyForDeploymentPostprocessing = 0;
		};
		B4FEAF7726BEE93D005F4A81 /* Frameworks */ = {
			isa = PBXFrameworksBuildPhase;
			buildActionMask = 2147483647;
			files = (
				B4FEAFA226BEE9D0005F4A81 /* Domain.framework in Frameworks */,
				A761CBD24146BF86919C9B14 /* Pods_Data.framework in Frameworks */,
			);
			runOnlyForDeploymentPostprocessing = 0;
		};
		B4FEAF7F26BEE93D005F4A81 /* Frameworks */ = {
			isa = PBXFrameworksBuildPhase;
			buildActionMask = 2147483647;
			files = (
				B4FEAF8326BEE93D005F4A81 /* Data.framework in Frameworks */,
				DD8C45591E25917F5E5EA267 /* Pods_Data_DataTests.framework in Frameworks */,
			);
			runOnlyForDeploymentPostprocessing = 0;
		};
		B4FEAFCC26BF10E2005F4A81 /* Frameworks */ = {
			isa = PBXFrameworksBuildPhase;
			buildActionMask = 2147483647;
			files = (
				B4FEAFFE26BF1249005F4A81 /* Data.framework in Frameworks */,
				5EC8A71084DB30CDFCC28352 /* Pods_Infra.framework in Frameworks */,
			);
			runOnlyForDeploymentPostprocessing = 0;
		};
		B4FEAFD426BF10E2005F4A81 /* Frameworks */ = {
			isa = PBXFrameworksBuildPhase;
			buildActionMask = 2147483647;
			files = (
				B4FEAFD826BF10E2005F4A81 /* Infra.framework in Frameworks */,
				1ECB1A6305299A9509E0F25B /* Pods_Infra_InfraTests.framework in Frameworks */,
			);
			runOnlyForDeploymentPostprocessing = 0;
		};
/* End PBXFrameworksBuildPhase section */

/* Begin PBXGroup section */
		75DF6850D28AF70B5CFFC11E /* Frameworks */ = {
			isa = PBXGroup;
			children = (
				68D92CB2340C3A33640084B5 /* Pods_Data.framework */,
				BCC7E08FDDB3600E277EB349 /* Pods_Data_DataTests.framework */,
				E22F448BFB097994CB4264BC /* Pods_Domain.framework */,
				7E8FF7A0401D5EF4010DC46E /* Pods_Infra.framework */,
				AC4F640F7DCB2256963C3EEE /* Pods_Infra_InfraTests.framework */,
				37DB686AA9FD4F6AA4064497 /* Pods_UseCaseIntegrationTests.framework */,
			);
			name = Frameworks;
			sourceTree = "<group>";
		};
		8D05548ACD7DD56CDBCB4109 /* Pods */ = {
			isa = PBXGroup;
			children = (
				13E956F8A777372D6859B456 /* Pods-Data.debug.xcconfig */,
				74E579017E1385A0454F6931 /* Pods-Data.release.xcconfig */,
				544CB692ACE77EAF0CD42B34 /* Pods-Data-DataTests.debug.xcconfig */,
				C47EC0F78DB7792FFC5EE261 /* Pods-Data-DataTests.release.xcconfig */,
				B786EA058F20C10FFE92442B /* Pods-Domain.debug.xcconfig */,
				6CCCE4833B384E0292E3A8B2 /* Pods-Domain.release.xcconfig */,
				12567D82B47776B25771EEFD /* Pods-Infra.debug.xcconfig */,
				BED13A75B85501BA76DDA72D /* Pods-Infra.release.xcconfig */,
				A1E9B9320D3D1AFA4A38E7EA /* Pods-Infra-InfraTests.debug.xcconfig */,
				EC03B0ED98EDB48462FD8BD0 /* Pods-Infra-InfraTests.release.xcconfig */,
				BC209E947AEE478C1C00EFF0 /* Pods-UseCaseIntegrationTests.debug.xcconfig */,
				7D995EA61634FC61FF6177AC /* Pods-UseCaseIntegrationTests.release.xcconfig */,
			);
			path = Pods;
			sourceTree = "<group>";
		};
		B4370AA126BF52300070C155 /* UseCaseIntegrationTests */ = {
			isa = PBXGroup;
			children = (
				B4370AE026C01E2C0070C155 /* UseCase */,
				B4370AA426BF52300070C155 /* Info.plist */,
			);
			path = UseCaseIntegrationTests;
			sourceTree = "<group>";
		};
		B4370AC626BF636A0070C155 /* Http */ = {
			isa = PBXGroup;
			children = (
				B4370AC726BF63860070C155 /* HttpClientSpy.swift */,
			);
			path = Http;
			sourceTree = "<group>";
		};
		B4370AD526BF64210070C155 /* Helpers */ = {
			isa = PBXGroup;
			children = (
				B4370AD626BF643C0070C155 /* DictionaryExtensions.swift */,
			);
			path = Helpers;
			sourceTree = "<group>";
		};
		B4370AE026C01E2C0070C155 /* UseCase */ = {
			isa = PBXGroup;
			children = (
				B4370AA226BF52300070C155 /* TwitterProfileIntegrationTests.swift */,
				B4370B1426C02F8E0070C155 /* TweetTimelineIntegrationTests.swift */,
			);
			path = UseCase;
			sourceTree = "<group>";
		};
		B4FEAE7726BEDBB7005F4A81 = {
			isa = PBXGroup;
			children = (
				B4FEAE9426BEDBDA005F4A81 /* Domain */,
				B4FEAF7B26BEE93D005F4A81 /* Data */,
				B4FEAF8626BEE93D005F4A81 /* DataTests */,
				B4FEAFD026BF10E2005F4A81 /* Infra */,
				B4FEAFDB26BF10E2005F4A81 /* InfraTests */,
				B4370AA126BF52300070C155 /* UseCaseIntegrationTests */,
				B4FEAE8226BEDBB7005F4A81 /* Products */,
				8D05548ACD7DD56CDBCB4109 /* Pods */,
				75DF6850D28AF70B5CFFC11E /* Frameworks */,
			);
			sourceTree = "<group>";
		};
		B4FEAE8226BEDBB7005F4A81 /* Products */ = {
			isa = PBXGroup;
			children = (
				B4FEAE9326BEDBDA005F4A81 /* Domain.framework */,
				B4FEAF7A26BEE93D005F4A81 /* Data.framework */,
				B4FEAF8226BEE93D005F4A81 /* DataTests.xctest */,
				B4FEAFCF26BF10E2005F4A81 /* Infra.framework */,
				B4FEAFD726BF10E2005F4A81 /* InfraTests.xctest */,
				B4370AA026BF52300070C155 /* UseCaseIntegrationTests.xctest */,
			);
			name = Products;
			sourceTree = "<group>";
		};
		B4FEAE9426BEDBDA005F4A81 /* Domain */ = {
			isa = PBXGroup;
			children = (
				B4FEAE9E26BEDD40005F4A81 /* UseCase */,
				B4FEAEA726BEE0D3005F4A81 /* Model */,
				B4FEAEA326BEDF5B005F4A81 /* Error */,
				B4FEAE9626BEDBDA005F4A81 /* Info.plist */,
			);
			path = Domain;
			sourceTree = "<group>";
		};
		B4FEAE9E26BEDD40005F4A81 /* UseCase */ = {
			isa = PBXGroup;
			children = (
				B4FEAE9F26BEDD9F005F4A81 /* TwitterProfile.swift */,
				B4370AE926C0217E0070C155 /* TweetTimeline.swift */,
				B4370B1A26C05AA30070C155 /* AnalyzeSentiment.swift */,
			);
			path = UseCase;
			sourceTree = "<group>";
		};
		B4FEAEA326BEDF5B005F4A81 /* Error */ = {
			isa = PBXGroup;
			children = (
				B4FEAEA426BEDF6B005F4A81 /* DomainError.swift */,
			);
			path = Error;
			sourceTree = "<group>";
		};
		B4FEAEA726BEE0D3005F4A81 /* Model */ = {
			isa = PBXGroup;
			children = (
				B4FEAEA926BEE0F0005F4A81 /* TwitterProfileModel.swift */,
				B4370AF026C022380070C155 /* TweetTimelineModel.swift */,
				B4370B2026C05C6A0070C155 /* AnalyzeSentimentModel.swift */,
				B4FEAFBD26BEEFD0005F4A81 /* Model.swift */,
			);
			path = Model;
			sourceTree = "<group>";
		};
		B4FEAF7B26BEE93D005F4A81 /* Data */ = {
			isa = PBXGroup;
			children = (
				B4FEAF9926BEE9AE005F4A81 /* UseCase */,
				B4FEAFC326BF0C26005F4A81 /* Helpers */,
				B4FEAFAE26BEEB47005F4A81 /* Http */,
				B4FEAF7D26BEE93D005F4A81 /* Info.plist */,
			);
			path = Data;
			sourceTree = "<group>";
		};
		B4FEAF8626BEE93D005F4A81 /* DataTests */ = {
			isa = PBXGroup;
			children = (
				B4FEAF9D26BEE9B5005F4A81 /* UseCase */,
				B4FEAFA926BEEABA005F4A81 /* Helpers */,
				B4370AC626BF636A0070C155 /* Http */,
				B4FEAF8926BEE93D005F4A81 /* Info.plist */,
			);
			path = DataTests;
			sourceTree = "<group>";
		};
		B4FEAF9926BEE9AE005F4A81 /* UseCase */ = {
			isa = PBXGroup;
			children = (
				B4FEAF9426BEE9A8005F4A81 /* RemoteTwitterProfile.swift */,
				B4370AFA26C023140070C155 /* RemoteTweetTimeline.swift */,
				B4370B3026C05EBE0070C155 /* RemoteAnalyzeSentiment.swift */,
			);
			path = UseCase;
			sourceTree = "<group>";
		};
		B4FEAF9D26BEE9B5005F4A81 /* UseCase */ = {
			isa = PBXGroup;
			children = (
				B4FEAF8726BEE93D005F4A81 /* RemoteTwitterProfileTests.swift */,
				B4370B0026C0241E0070C155 /* RemoteTweetTimelineTests.swift */,
				B4370B3626C05F800070C155 /* RemoteAnalyzeSentimentTests.swift */,
			);
			path = UseCase;
			sourceTree = "<group>";
		};
		B4FEAFA926BEEABA005F4A81 /* Helpers */ = {
			isa = PBXGroup;
			children = (
				B4FEAFAA26BEEADD005F4A81 /* TestFactories.swift */,
				B4370B0E26C025220070C155 /* XCTestCaseExtensions.swift */,
			);
			path = Helpers;
			sourceTree = "<group>";
		};
		B4FEAFAE26BEEB47005F4A81 /* Http */ = {
			isa = PBXGroup;
			children = (
				B4FEAFB126BEEB6A005F4A81 /* HttpClient.swift */,
				B4FEAFB726BEEBB9005F4A81 /* HttpError.swift */,
				B4370B4B26C069870070C155 /* HttpMethod.swift */,
			);
			path = Http;
			sourceTree = "<group>";
		};
		B4FEAFC326BF0C26005F4A81 /* Helpers */ = {
			isa = PBXGroup;
			children = (
				B4FEAFC426BF0C34005F4A81 /* DataExtension.swift */,
			);
			path = Helpers;
			sourceTree = "<group>";
		};
		B4FEAFD026BF10E2005F4A81 /* Infra */ = {
			isa = PBXGroup;
			children = (
				B4370AD526BF64210070C155 /* Helpers */,
				B4FEAFFC26BF1203005F4A81 /* Http */,
				B4FEAFD226BF10E2005F4A81 /* Info.plist */,
			);
			path = Infra;
			sourceTree = "<group>";
		};
		B4FEAFDB26BF10E2005F4A81 /* InfraTests */ = {
			isa = PBXGroup;
			children = (
				B4FEB02426BF1396005F4A81 /* Helper */,
				B4FEAFFD26BF120A005F4A81 /* Http */,
				B4FEAFDE26BF10E2005F4A81 /* Info.plist */,
			);
			path = InfraTests;
			sourceTree = "<group>";
		};
		B4FEAFFC26BF1203005F4A81 /* Http */ = {
			isa = PBXGroup;
			children = (
				B4FEAFF626BF11A5005F4A81 /* AlamofireGetAdapter.swift */,
			);
			path = Http;
			sourceTree = "<group>";
		};
		B4FEAFFD26BF120A005F4A81 /* Http */ = {
			isa = PBXGroup;
			children = (
				B4FEAFDC26BF10E2005F4A81 /* AlamofireAdapterTests.swift */,
			);
			path = Http;
			sourceTree = "<group>";
		};
		B4FEB02426BF1396005F4A81 /* Helper */ = {
			isa = PBXGroup;
			children = (
				B4FEB02526BF13C4005F4A81 /* URLProtocolStubs.swift */,
			);
			path = Helper;
			sourceTree = "<group>";
		};
/* End PBXGroup section */

/* Begin PBXHeadersBuildPhase section */
		B4FEAE8E26BEDBDA005F4A81 /* Headers */ = {
			isa = PBXHeadersBuildPhase;
			buildActionMask = 2147483647;
			files = (
			);
			runOnlyForDeploymentPostprocessing = 0;
		};
		B4FEAF7526BEE93D005F4A81 /* Headers */ = {
			isa = PBXHeadersBuildPhase;
			buildActionMask = 2147483647;
			files = (
			);
			runOnlyForDeploymentPostprocessing = 0;
		};
		B4FEAFCA26BF10E2005F4A81 /* Headers */ = {
			isa = PBXHeadersBuildPhase;
			buildActionMask = 2147483647;
			files = (
			);
			runOnlyForDeploymentPostprocessing = 0;
		};
/* End PBXHeadersBuildPhase section */

/* Begin PBXNativeTarget section */
		B4370A9F26BF52300070C155 /* UseCaseIntegrationTests */ = {
			isa = PBXNativeTarget;
			buildConfigurationList = B4370AA526BF52300070C155 /* Build configuration list for PBXNativeTarget "UseCaseIntegrationTests" */;
			buildPhases = (
				1B9FBA8CE88BCB125A524310 /* [CP] Check Pods Manifest.lock */,
				B4370A9C26BF52300070C155 /* Sources */,
				B4370A9D26BF52300070C155 /* Frameworks */,
				B4370A9E26BF52300070C155 /* Resources */,
				D523E66BBE0AF388D8401173 /* [CP] Embed Pods Frameworks */,
			);
			buildRules = (
			);
			dependencies = (
			);
			name = UseCaseIntegrationTests;
			productName = UseCaseIntegrationTests;
			productReference = B4370AA026BF52300070C155 /* UseCaseIntegrationTests.xctest */;
			productType = "com.apple.product-type.bundle.unit-test";
		};
		B4FEAE9226BEDBDA005F4A81 /* Domain */ = {
			isa = PBXNativeTarget;
			buildConfigurationList = B4FEAE9826BEDBDA005F4A81 /* Build configuration list for PBXNativeTarget "Domain" */;
			buildPhases = (
				4C6410082D010970546092AB /* [CP] Check Pods Manifest.lock */,
				B4FEAE8E26BEDBDA005F4A81 /* Headers */,
				B4FEAE8F26BEDBDA005F4A81 /* Sources */,
				B4FEAE9026BEDBDA005F4A81 /* Frameworks */,
				B4FEAE9126BEDBDA005F4A81 /* Resources */,
			);
			buildRules = (
			);
			dependencies = (
			);
			name = Domain;
			productName = Domain;
			productReference = B4FEAE9326BEDBDA005F4A81 /* Domain.framework */;
			productType = "com.apple.product-type.framework";
		};
		B4FEAF7926BEE93D005F4A81 /* Data */ = {
			isa = PBXNativeTarget;
			buildConfigurationList = B4FEAF8B26BEE93D005F4A81 /* Build configuration list for PBXNativeTarget "Data" */;
			buildPhases = (
				70A57025CAC16D16A69025F5 /* [CP] Check Pods Manifest.lock */,
				B4FEAF7526BEE93D005F4A81 /* Headers */,
				B4FEAF7626BEE93D005F4A81 /* Sources */,
				B4FEAF7726BEE93D005F4A81 /* Frameworks */,
				B4FEAF7826BEE93D005F4A81 /* Resources */,
				B4FEAFA626BEE9D0005F4A81 /* Embed Frameworks */,
			);
			buildRules = (
			);
			dependencies = (
				B4FEAFA526BEE9D0005F4A81 /* PBXTargetDependency */,
			);
			name = Data;
			productName = Data;
			productReference = B4FEAF7A26BEE93D005F4A81 /* Data.framework */;
			productType = "com.apple.product-type.framework";
		};
		B4FEAF8126BEE93D005F4A81 /* DataTests */ = {
			isa = PBXNativeTarget;
			buildConfigurationList = B4FEAF8E26BEE93D005F4A81 /* Build configuration list for PBXNativeTarget "DataTests" */;
			buildPhases = (
				E2B4B1D4EFFA6B7A5595FBFC /* [CP] Check Pods Manifest.lock */,
				B4FEAF7E26BEE93D005F4A81 /* Sources */,
				B4FEAF7F26BEE93D005F4A81 /* Frameworks */,
				B4FEAF8026BEE93D005F4A81 /* Resources */,
			);
			buildRules = (
			);
			dependencies = (
				B4FEAF8526BEE93D005F4A81 /* PBXTargetDependency */,
			);
			name = DataTests;
			productName = DataTests;
			productReference = B4FEAF8226BEE93D005F4A81 /* DataTests.xctest */;
			productType = "com.apple.product-type.bundle.unit-test";
		};
		B4FEAFCE26BF10E2005F4A81 /* Infra */ = {
			isa = PBXNativeTarget;
			buildConfigurationList = B4FEAFE026BF10E2005F4A81 /* Build configuration list for PBXNativeTarget "Infra" */;
			buildPhases = (
				9AE447B87BA94BA5BE8E82C2 /* [CP] Check Pods Manifest.lock */,
				B4FEAFCA26BF10E2005F4A81 /* Headers */,
				B4FEAFCB26BF10E2005F4A81 /* Sources */,
				B4FEAFCC26BF10E2005F4A81 /* Frameworks */,
				B4FEAFCD26BF10E2005F4A81 /* Resources */,
				B4FEB00226BF1249005F4A81 /* Embed Frameworks */,
			);
			buildRules = (
			);
			dependencies = (
				B4FEB00126BF1249005F4A81 /* PBXTargetDependency */,
			);
			name = Infra;
			productName = Infra;
			productReference = B4FEAFCF26BF10E2005F4A81 /* Infra.framework */;
			productType = "com.apple.product-type.framework";
		};
		B4FEAFD626BF10E2005F4A81 /* InfraTests */ = {
			isa = PBXNativeTarget;
			buildConfigurationList = B4FEAFE326BF10E2005F4A81 /* Build configuration list for PBXNativeTarget "InfraTests" */;
			buildPhases = (
				323C68141AC5495BA94ABD8E /* [CP] Check Pods Manifest.lock */,
				B4FEAFD326BF10E2005F4A81 /* Sources */,
				B4FEAFD426BF10E2005F4A81 /* Frameworks */,
				B4FEAFD526BF10E2005F4A81 /* Resources */,
				4F31BC8D8808B8A41D951AE2 /* [CP] Embed Pods Frameworks */,
			);
			buildRules = (
			);
			dependencies = (
				B4FEAFDA26BF10E2005F4A81 /* PBXTargetDependency */,
			);
			name = InfraTests;
			productName = InfraTests;
			productReference = B4FEAFD726BF10E2005F4A81 /* InfraTests.xctest */;
			productType = "com.apple.product-type.bundle.unit-test";
		};
/* End PBXNativeTarget section */

/* Begin PBXProject section */
		B4FEAE7826BEDBB7005F4A81 /* Project object */ = {
			isa = PBXProject;
			attributes = {
				LastSwiftUpdateCheck = 1240;
				LastUpgradeCheck = 1240;
				TargetAttributes = {
					B4370A9F26BF52300070C155 = {
						CreatedOnToolsVersion = 12.4;
					};
					B4FEAE9226BEDBDA005F4A81 = {
						CreatedOnToolsVersion = 12.4;
						LastSwiftMigration = 1240;
					};
					B4FEAF7926BEE93D005F4A81 = {
						CreatedOnToolsVersion = 12.4;
						LastSwiftMigration = 1240;
					};
					B4FEAF8126BEE93D005F4A81 = {
						CreatedOnToolsVersion = 12.4;
					};
					B4FEAFCE26BF10E2005F4A81 = {
						CreatedOnToolsVersion = 12.4;
						LastSwiftMigration = 1240;
					};
					B4FEAFD626BF10E2005F4A81 = {
						CreatedOnToolsVersion = 12.4;
					};
				};
			};
			buildConfigurationList = B4FEAE7B26BEDBB7005F4A81 /* Build configuration list for PBXProject "LuizaLabs" */;
			compatibilityVersion = "Xcode 9.3";
			developmentRegion = en;
			hasScannedForEncodings = 0;
			knownRegions = (
				en,
				Base,
			);
			mainGroup = B4FEAE7726BEDBB7005F4A81;
			productRefGroup = B4FEAE8226BEDBB7005F4A81 /* Products */;
			projectDirPath = "";
			projectRoot = "";
			targets = (
				B4FEAE9226BEDBDA005F4A81 /* Domain */,
				B4FEAF7926BEE93D005F4A81 /* Data */,
				B4FEAF8126BEE93D005F4A81 /* DataTests */,
				B4FEAFCE26BF10E2005F4A81 /* Infra */,
				B4FEAFD626BF10E2005F4A81 /* InfraTests */,
				B4370A9F26BF52300070C155 /* UseCaseIntegrationTests */,
			);
		};
/* End PBXProject section */

/* Begin PBXResourcesBuildPhase section */
		B4370A9E26BF52300070C155 /* Resources */ = {
			isa = PBXResourcesBuildPhase;
			buildActionMask = 2147483647;
			files = (
			);
			runOnlyForDeploymentPostprocessing = 0;
		};
		B4FEAE9126BEDBDA005F4A81 /* Resources */ = {
			isa = PBXResourcesBuildPhase;
			buildActionMask = 2147483647;
			files = (
			);
			runOnlyForDeploymentPostprocessing = 0;
		};
		B4FEAF7826BEE93D005F4A81 /* Resources */ = {
			isa = PBXResourcesBuildPhase;
			buildActionMask = 2147483647;
			files = (
			);
			runOnlyForDeploymentPostprocessing = 0;
		};
		B4FEAF8026BEE93D005F4A81 /* Resources */ = {
			isa = PBXResourcesBuildPhase;
			buildActionMask = 2147483647;
			files = (
			);
			runOnlyForDeploymentPostprocessing = 0;
		};
		B4FEAFCD26BF10E2005F4A81 /* Resources */ = {
			isa = PBXResourcesBuildPhase;
			buildActionMask = 2147483647;
			files = (
			);
			runOnlyForDeploymentPostprocessing = 0;
		};
		B4FEAFD526BF10E2005F4A81 /* Resources */ = {
			isa = PBXResourcesBuildPhase;
			buildActionMask = 2147483647;
			files = (
			);
			runOnlyForDeploymentPostprocessing = 0;
		};
/* End PBXResourcesBuildPhase section */

/* Begin PBXShellScriptBuildPhase section */
		1B9FBA8CE88BCB125A524310 /* [CP] Check Pods Manifest.lock */ = {
			isa = PBXShellScriptBuildPhase;
			buildActionMask = 2147483647;
			files = (
			);
			inputFileListPaths = (
			);
			inputPaths = (
				"${PODS_PODFILE_DIR_PATH}/Podfile.lock",
				"${PODS_ROOT}/Manifest.lock",
			);
			name = "[CP] Check Pods Manifest.lock";
			outputFileListPaths = (
			);
			outputPaths = (
				"$(DERIVED_FILE_DIR)/Pods-UseCaseIntegrationTests-checkManifestLockResult.txt",
			);
			runOnlyForDeploymentPostprocessing = 0;
			shellPath = /bin/sh;
			shellScript = "diff \"${PODS_PODFILE_DIR_PATH}/Podfile.lock\" \"${PODS_ROOT}/Manifest.lock\" > /dev/null\nif [ $? != 0 ] ; then\n    # print error to STDERR\n    echo \"error: The sandbox is not in sync with the Podfile.lock. Run 'pod install' or update your CocoaPods installation.\" >&2\n    exit 1\nfi\n# This output is used by Xcode 'outputs' to avoid re-running this script phase.\necho \"SUCCESS\" > \"${SCRIPT_OUTPUT_FILE_0}\"\n";
			showEnvVarsInLog = 0;
		};
		323C68141AC5495BA94ABD8E /* [CP] Check Pods Manifest.lock */ = {
			isa = PBXShellScriptBuildPhase;
			buildActionMask = 2147483647;
			files = (
			);
			inputFileListPaths = (
			);
			inputPaths = (
				"${PODS_PODFILE_DIR_PATH}/Podfile.lock",
				"${PODS_ROOT}/Manifest.lock",
			);
			name = "[CP] Check Pods Manifest.lock";
			outputFileListPaths = (
			);
			outputPaths = (
				"$(DERIVED_FILE_DIR)/Pods-Infra-InfraTests-checkManifestLockResult.txt",
			);
			runOnlyForDeploymentPostprocessing = 0;
			shellPath = /bin/sh;
			shellScript = "diff \"${PODS_PODFILE_DIR_PATH}/Podfile.lock\" \"${PODS_ROOT}/Manifest.lock\" > /dev/null\nif [ $? != 0 ] ; then\n    # print error to STDERR\n    echo \"error: The sandbox is not in sync with the Podfile.lock. Run 'pod install' or update your CocoaPods installation.\" >&2\n    exit 1\nfi\n# This output is used by Xcode 'outputs' to avoid re-running this script phase.\necho \"SUCCESS\" > \"${SCRIPT_OUTPUT_FILE_0}\"\n";
			showEnvVarsInLog = 0;
		};
		4C6410082D010970546092AB /* [CP] Check Pods Manifest.lock */ = {
			isa = PBXShellScriptBuildPhase;
			buildActionMask = 2147483647;
			files = (
			);
			inputFileListPaths = (
			);
			inputPaths = (
				"${PODS_PODFILE_DIR_PATH}/Podfile.lock",
				"${PODS_ROOT}/Manifest.lock",
			);
			name = "[CP] Check Pods Manifest.lock";
			outputFileListPaths = (
			);
			outputPaths = (
				"$(DERIVED_FILE_DIR)/Pods-Domain-checkManifestLockResult.txt",
			);
			runOnlyForDeploymentPostprocessing = 0;
			shellPath = /bin/sh;
			shellScript = "diff \"${PODS_PODFILE_DIR_PATH}/Podfile.lock\" \"${PODS_ROOT}/Manifest.lock\" > /dev/null\nif [ $? != 0 ] ; then\n    # print error to STDERR\n    echo \"error: The sandbox is not in sync with the Podfile.lock. Run 'pod install' or update your CocoaPods installation.\" >&2\n    exit 1\nfi\n# This output is used by Xcode 'outputs' to avoid re-running this script phase.\necho \"SUCCESS\" > \"${SCRIPT_OUTPUT_FILE_0}\"\n";
			showEnvVarsInLog = 0;
		};
		4F31BC8D8808B8A41D951AE2 /* [CP] Embed Pods Frameworks */ = {
			isa = PBXShellScriptBuildPhase;
			buildActionMask = 2147483647;
			files = (
			);
			inputFileListPaths = (
				"${PODS_ROOT}/Target Support Files/Pods-Infra-InfraTests/Pods-Infra-InfraTests-frameworks-${CONFIGURATION}-input-files.xcfilelist",
			);
			name = "[CP] Embed Pods Frameworks";
			outputFileListPaths = (
				"${PODS_ROOT}/Target Support Files/Pods-Infra-InfraTests/Pods-Infra-InfraTests-frameworks-${CONFIGURATION}-output-files.xcfilelist",
			);
			runOnlyForDeploymentPostprocessing = 0;
			shellPath = /bin/sh;
			shellScript = "\"${PODS_ROOT}/Target Support Files/Pods-Infra-InfraTests/Pods-Infra-InfraTests-frameworks.sh\"\n";
			showEnvVarsInLog = 0;
		};
		70A57025CAC16D16A69025F5 /* [CP] Check Pods Manifest.lock */ = {
			isa = PBXShellScriptBuildPhase;
			buildActionMask = 2147483647;
			files = (
			);
			inputFileListPaths = (
			);
			inputPaths = (
				"${PODS_PODFILE_DIR_PATH}/Podfile.lock",
				"${PODS_ROOT}/Manifest.lock",
			);
			name = "[CP] Check Pods Manifest.lock";
			outputFileListPaths = (
			);
			outputPaths = (
				"$(DERIVED_FILE_DIR)/Pods-Data-checkManifestLockResult.txt",
			);
			runOnlyForDeploymentPostprocessing = 0;
			shellPath = /bin/sh;
			shellScript = "diff \"${PODS_PODFILE_DIR_PATH}/Podfile.lock\" \"${PODS_ROOT}/Manifest.lock\" > /dev/null\nif [ $? != 0 ] ; then\n    # print error to STDERR\n    echo \"error: The sandbox is not in sync with the Podfile.lock. Run 'pod install' or update your CocoaPods installation.\" >&2\n    exit 1\nfi\n# This output is used by Xcode 'outputs' to avoid re-running this script phase.\necho \"SUCCESS\" > \"${SCRIPT_OUTPUT_FILE_0}\"\n";
			showEnvVarsInLog = 0;
		};
		9AE447B87BA94BA5BE8E82C2 /* [CP] Check Pods Manifest.lock */ = {
			isa = PBXShellScriptBuildPhase;
			buildActionMask = 2147483647;
			files = (
			);
			inputFileListPaths = (
			);
			inputPaths = (
				"${PODS_PODFILE_DIR_PATH}/Podfile.lock",
				"${PODS_ROOT}/Manifest.lock",
			);
			name = "[CP] Check Pods Manifest.lock";
			outputFileListPaths = (
			);
			outputPaths = (
				"$(DERIVED_FILE_DIR)/Pods-Infra-checkManifestLockResult.txt",
			);
			runOnlyForDeploymentPostprocessing = 0;
			shellPath = /bin/sh;
			shellScript = "diff \"${PODS_PODFILE_DIR_PATH}/Podfile.lock\" \"${PODS_ROOT}/Manifest.lock\" > /dev/null\nif [ $? != 0 ] ; then\n    # print error to STDERR\n    echo \"error: The sandbox is not in sync with the Podfile.lock. Run 'pod install' or update your CocoaPods installation.\" >&2\n    exit 1\nfi\n# This output is used by Xcode 'outputs' to avoid re-running this script phase.\necho \"SUCCESS\" > \"${SCRIPT_OUTPUT_FILE_0}\"\n";
			showEnvVarsInLog = 0;
		};
		D523E66BBE0AF388D8401173 /* [CP] Embed Pods Frameworks */ = {
			isa = PBXShellScriptBuildPhase;
			buildActionMask = 2147483647;
			files = (
			);
			inputFileListPaths = (
				"${PODS_ROOT}/Target Support Files/Pods-UseCaseIntegrationTests/Pods-UseCaseIntegrationTests-frameworks-${CONFIGURATION}-input-files.xcfilelist",
			);
			name = "[CP] Embed Pods Frameworks";
			outputFileListPaths = (
				"${PODS_ROOT}/Target Support Files/Pods-UseCaseIntegrationTests/Pods-UseCaseIntegrationTests-frameworks-${CONFIGURATION}-output-files.xcfilelist",
			);
			runOnlyForDeploymentPostprocessing = 0;
			shellPath = /bin/sh;
			shellScript = "\"${PODS_ROOT}/Target Support Files/Pods-UseCaseIntegrationTests/Pods-UseCaseIntegrationTests-frameworks.sh\"\n";
			showEnvVarsInLog = 0;
		};
		E2B4B1D4EFFA6B7A5595FBFC /* [CP] Check Pods Manifest.lock */ = {
			isa = PBXShellScriptBuildPhase;
			buildActionMask = 2147483647;
			files = (
			);
			inputFileListPaths = (
			);
			inputPaths = (
				"${PODS_PODFILE_DIR_PATH}/Podfile.lock",
				"${PODS_ROOT}/Manifest.lock",
			);
			name = "[CP] Check Pods Manifest.lock";
			outputFileListPaths = (
			);
			outputPaths = (
				"$(DERIVED_FILE_DIR)/Pods-Data-DataTests-checkManifestLockResult.txt",
			);
			runOnlyForDeploymentPostprocessing = 0;
			shellPath = /bin/sh;
			shellScript = "diff \"${PODS_PODFILE_DIR_PATH}/Podfile.lock\" \"${PODS_ROOT}/Manifest.lock\" > /dev/null\nif [ $? != 0 ] ; then\n    # print error to STDERR\n    echo \"error: The sandbox is not in sync with the Podfile.lock. Run 'pod install' or update your CocoaPods installation.\" >&2\n    exit 1\nfi\n# This output is used by Xcode 'outputs' to avoid re-running this script phase.\necho \"SUCCESS\" > \"${SCRIPT_OUTPUT_FILE_0}\"\n";
			showEnvVarsInLog = 0;
		};
/* End PBXShellScriptBuildPhase section */

/* Begin PBXSourcesBuildPhase section */
		B4370A9C26BF52300070C155 /* Sources */ = {
			isa = PBXSourcesBuildPhase;
			buildActionMask = 2147483647;
			files = (
				B4370AA326BF52300070C155 /* TwitterProfileIntegrationTests.swift in Sources */,
				B4370B1526C02F8E0070C155 /* TweetTimelineIntegrationTests.swift in Sources */,
			);
			runOnlyForDeploymentPostprocessing = 0;
		};
		B4FEAE8F26BEDBDA005F4A81 /* Sources */ = {
			isa = PBXSourcesBuildPhase;
			buildActionMask = 2147483647;
			files = (
				B4370B1B26C05AA30070C155 /* AnalyzeSentiment.swift in Sources */,
				B4FEAEA526BEDF6B005F4A81 /* DomainError.swift in Sources */,
				B4370B2126C05C6A0070C155 /* AnalyzeSentimentModel.swift in Sources */,
				B4370AEA26C0217E0070C155 /* TweetTimeline.swift in Sources */,
				B4370AF126C022380070C155 /* TweetTimelineModel.swift in Sources */,
				B4FEAEA026BEDD9F005F4A81 /* TwitterProfile.swift in Sources */,
				B4FEAEAA26BEE0F0005F4A81 /* TwitterProfileModel.swift in Sources */,
				B4FEAFBE26BEEFD0005F4A81 /* Model.swift in Sources */,
			);
			runOnlyForDeploymentPostprocessing = 0;
		};
		B4FEAF7626BEE93D005F4A81 /* Sources */ = {
			isa = PBXSourcesBuildPhase;
			buildActionMask = 2147483647;
			files = (
				B4370AFB26C023140070C155 /* RemoteTweetTimeline.swift in Sources */,
				B4FEAF9526BEE9A8005F4A81 /* RemoteTwitterProfile.swift in Sources */,
				B4FEAFC526BF0C34005F4A81 /* DataExtension.swift in Sources */,
				B4FEAFB826BEEBB9005F4A81 /* HttpError.swift in Sources */,
				B4370B4C26C069870070C155 /* HttpMethod.swift in Sources */,
				B4FEAFB226BEEB6A005F4A81 /* HttpClient.swift in Sources */,
				B4370B3126C05EBE0070C155 /* RemoteAnalyzeSentiment.swift in Sources */,
			);
			runOnlyForDeploymentPostprocessing = 0;
		};
		B4FEAF7E26BEE93D005F4A81 /* Sources */ = {
			isa = PBXSourcesBuildPhase;
			buildActionMask = 2147483647;
			files = (
				B4370B3726C05F800070C155 /* RemoteAnalyzeSentimentTests.swift in Sources */,
				B4370B0F26C025220070C155 /* XCTestCaseExtensions.swift in Sources */,
				B4370B0126C0241E0070C155 /* RemoteTweetTimelineTests.swift in Sources */,
				B4FEAFAB26BEEADD005F4A81 /* TestFactories.swift in Sources */,
				B4370AC826BF63860070C155 /* HttpClientSpy.swift in Sources */,
				B4FEAF8826BEE93D005F4A81 /* RemoteTwitterProfileTests.swift in Sources */,
			);
			runOnlyForDeploymentPostprocessing = 0;
		};
		B4FEAFCB26BF10E2005F4A81 /* Sources */ = {
			isa = PBXSourcesBuildPhase;
			buildActionMask = 2147483647;
			files = (
				B4FEAFF726BF11A5005F4A81 /* AlamofireGetAdapter.swift in Sources */,
				B4370AD726BF643C0070C155 /* DictionaryExtensions.swift in Sources */,
			);
			runOnlyForDeploymentPostprocessing = 0;
		};
		B4FEAFD326BF10E2005F4A81 /* Sources */ = {
			isa = PBXSourcesBuildPhase;
			buildActionMask = 2147483647;
			files = (
				B4FEB02D26BF1429005F4A81 /* TestFactories.swift in Sources */,
				B4FEAFDD26BF10E2005F4A81 /* AlamofireAdapterTests.swift in Sources */,
				B4FEB02626BF13C4005F4A81 /* URLProtocolStubs.swift in Sources */,
			);
			runOnlyForDeploymentPostprocessing = 0;
		};
/* End PBXSourcesBuildPhase section */

/* Begin PBXTargetDependency section */
		B4FEAF8526BEE93D005F4A81 /* PBXTargetDependency */ = {
			isa = PBXTargetDependency;
			target = B4FEAF7926BEE93D005F4A81 /* Data */;
			targetProxy = B4FEAF8426BEE93D005F4A81 /* PBXContainerItemProxy */;
		};
		B4FEAFA526BEE9D0005F4A81 /* PBXTargetDependency */ = {
			isa = PBXTargetDependency;
			target = B4FEAE9226BEDBDA005F4A81 /* Domain */;
			targetProxy = B4FEAFA426BEE9D0005F4A81 /* PBXContainerItemProxy */;
		};
		B4FEAFDA26BF10E2005F4A81 /* PBXTargetDependency */ = {
			isa = PBXTargetDependency;
			target = B4FEAFCE26BF10E2005F4A81 /* Infra */;
			targetProxy = B4FEAFD926BF10E2005F4A81 /* PBXContainerItemProxy */;
		};
		B4FEB00126BF1249005F4A81 /* PBXTargetDependency */ = {
			isa = PBXTargetDependency;
			target = B4FEAF7926BEE93D005F4A81 /* Data */;
			targetProxy = B4FEB00026BF1249005F4A81 /* PBXContainerItemProxy */;
		};
/* End PBXTargetDependency section */

/* Begin XCBuildConfiguration section */
		B4370AA626BF52300070C155 /* Debug */ = {
			isa = XCBuildConfiguration;
			baseConfigurationReference = BC209E947AEE478C1C00EFF0 /* Pods-UseCaseIntegrationTests.debug.xcconfig */;
			buildSettings = {
				CODE_SIGN_STYLE = Automatic;
				DEVELOPMENT_TEAM = TA48V9TKT7;
				INFOPLIST_FILE = UseCaseIntegrationTests/Info.plist;
				IPHONEOS_DEPLOYMENT_TARGET = 14.4;
				LD_RUNPATH_SEARCH_PATHS = (
					"$(inherited)",
					"@executable_path/Frameworks",
					"@loader_path/Frameworks",
				);
				PRODUCT_BUNDLE_IDENTIFIER = br.com.andersonchagas.UseCaseIntegrationTests;
				PRODUCT_NAME = "$(TARGET_NAME)";
				SWIFT_VERSION = 5.0;
				TARGETED_DEVICE_FAMILY = "1,2";
			};
			name = Debug;
		};
		B4370AA726BF52300070C155 /* Release */ = {
			isa = XCBuildConfiguration;
			baseConfigurationReference = 7D995EA61634FC61FF6177AC /* Pods-UseCaseIntegrationTests.release.xcconfig */;
			buildSettings = {
				CODE_SIGN_STYLE = Automatic;
				DEVELOPMENT_TEAM = TA48V9TKT7;
				INFOPLIST_FILE = UseCaseIntegrationTests/Info.plist;
				IPHONEOS_DEPLOYMENT_TARGET = 14.4;
				LD_RUNPATH_SEARCH_PATHS = (
					"$(inherited)",
					"@executable_path/Frameworks",
					"@loader_path/Frameworks",
				);
				PRODUCT_BUNDLE_IDENTIFIER = br.com.andersonchagas.UseCaseIntegrationTests;
				PRODUCT_NAME = "$(TARGET_NAME)";
				SWIFT_VERSION = 5.0;
				TARGETED_DEVICE_FAMILY = "1,2";
			};
			name = Release;
		};
		B4FEAE8726BEDBB7005F4A81 /* Debug */ = {
			isa = XCBuildConfiguration;
			buildSettings = {
				ALWAYS_SEARCH_USER_PATHS = NO;
				CLANG_ANALYZER_NONNULL = YES;
				CLANG_ANALYZER_NUMBER_OBJECT_CONVERSION = YES_AGGRESSIVE;
				CLANG_CXX_LANGUAGE_STANDARD = "gnu++14";
				CLANG_CXX_LIBRARY = "libc++";
				CLANG_ENABLE_MODULES = YES;
				CLANG_ENABLE_OBJC_ARC = YES;
				CLANG_ENABLE_OBJC_WEAK = YES;
				CLANG_WARN_BLOCK_CAPTURE_AUTORELEASING = YES;
				CLANG_WARN_BOOL_CONVERSION = YES;
				CLANG_WARN_COMMA = YES;
				CLANG_WARN_CONSTANT_CONVERSION = YES;
				CLANG_WARN_DEPRECATED_OBJC_IMPLEMENTATIONS = YES;
				CLANG_WARN_DIRECT_OBJC_ISA_USAGE = YES_ERROR;
				CLANG_WARN_DOCUMENTATION_COMMENTS = YES;
				CLANG_WARN_EMPTY_BODY = YES;
				CLANG_WARN_ENUM_CONVERSION = YES;
				CLANG_WARN_INFINITE_RECURSION = YES;
				CLANG_WARN_INT_CONVERSION = YES;
				CLANG_WARN_NON_LITERAL_NULL_CONVERSION = YES;
				CLANG_WARN_OBJC_IMPLICIT_RETAIN_SELF = YES;
				CLANG_WARN_OBJC_LITERAL_CONVERSION = YES;
				CLANG_WARN_OBJC_ROOT_CLASS = YES_ERROR;
				CLANG_WARN_QUOTED_INCLUDE_IN_FRAMEWORK_HEADER = YES;
				CLANG_WARN_RANGE_LOOP_ANALYSIS = YES;
				CLANG_WARN_STRICT_PROTOTYPES = YES;
				CLANG_WARN_SUSPICIOUS_MOVE = YES;
				CLANG_WARN_UNGUARDED_AVAILABILITY = YES_AGGRESSIVE;
				CLANG_WARN_UNREACHABLE_CODE = YES;
				CLANG_WARN__DUPLICATE_METHOD_MATCH = YES;
				COPY_PHASE_STRIP = NO;
				CURRENT_PROJECT_VERSION = 1;
				DEBUG_INFORMATION_FORMAT = dwarf;
				ENABLE_STRICT_OBJC_MSGSEND = YES;
				ENABLE_TESTABILITY = YES;
				GCC_C_LANGUAGE_STANDARD = gnu11;
				GCC_DYNAMIC_NO_PIC = NO;
				GCC_NO_COMMON_BLOCKS = YES;
				GCC_OPTIMIZATION_LEVEL = 0;
				GCC_PREPROCESSOR_DEFINITIONS = (
					"DEBUG=1",
					"$(inherited)",
				);
				GCC_WARN_64_TO_32_BIT_CONVERSION = YES;
				GCC_WARN_ABOUT_RETURN_TYPE = YES_ERROR;
				GCC_WARN_UNDECLARED_SELECTOR = YES;
				GCC_WARN_UNINITIALIZED_AUTOS = YES_AGGRESSIVE;
				GCC_WARN_UNUSED_FUNCTION = YES;
				GCC_WARN_UNUSED_VARIABLE = YES;
				IPHONEOS_DEPLOYMENT_TARGET = 11.0;
				MACOSX_DEPLOYMENT_TARGET = 10.15;
				MTL_ENABLE_DEBUG_INFO = INCLUDE_SOURCE;
				MTL_FAST_MATH = YES;
				ONLY_ACTIVE_ARCH = YES;
				SDKROOT = iphoneos;
				SUPPORTED_PLATFORMS = "macosx iphonesimulator iphoneos";
				SWIFT_ACTIVE_COMPILATION_CONDITIONS = DEBUG;
				SWIFT_OPTIMIZATION_LEVEL = "-Onone";
				VERSIONING_SYSTEM = "apple-generic";
				VERSION_INFO_PREFIX = "";
			};
			name = Debug;
		};
		B4FEAE8826BEDBB7005F4A81 /* Release */ = {
			isa = XCBuildConfiguration;
			buildSettings = {
				ALWAYS_SEARCH_USER_PATHS = NO;
				CLANG_ANALYZER_NONNULL = YES;
				CLANG_ANALYZER_NUMBER_OBJECT_CONVERSION = YES_AGGRESSIVE;
				CLANG_CXX_LANGUAGE_STANDARD = "gnu++14";
				CLANG_CXX_LIBRARY = "libc++";
				CLANG_ENABLE_MODULES = YES;
				CLANG_ENABLE_OBJC_ARC = YES;
				CLANG_ENABLE_OBJC_WEAK = YES;
				CLANG_WARN_BLOCK_CAPTURE_AUTORELEASING = YES;
				CLANG_WARN_BOOL_CONVERSION = YES;
				CLANG_WARN_COMMA = YES;
				CLANG_WARN_CONSTANT_CONVERSION = YES;
				CLANG_WARN_DEPRECATED_OBJC_IMPLEMENTATIONS = YES;
				CLANG_WARN_DIRECT_OBJC_ISA_USAGE = YES_ERROR;
				CLANG_WARN_DOCUMENTATION_COMMENTS = YES;
				CLANG_WARN_EMPTY_BODY = YES;
				CLANG_WARN_ENUM_CONVERSION = YES;
				CLANG_WARN_INFINITE_RECURSION = YES;
				CLANG_WARN_INT_CONVERSION = YES;
				CLANG_WARN_NON_LITERAL_NULL_CONVERSION = YES;
				CLANG_WARN_OBJC_IMPLICIT_RETAIN_SELF = YES;
				CLANG_WARN_OBJC_LITERAL_CONVERSION = YES;
				CLANG_WARN_OBJC_ROOT_CLASS = YES_ERROR;
				CLANG_WARN_QUOTED_INCLUDE_IN_FRAMEWORK_HEADER = YES;
				CLANG_WARN_RANGE_LOOP_ANALYSIS = YES;
				CLANG_WARN_STRICT_PROTOTYPES = YES;
				CLANG_WARN_SUSPICIOUS_MOVE = YES;
				CLANG_WARN_UNGUARDED_AVAILABILITY = YES_AGGRESSIVE;
				CLANG_WARN_UNREACHABLE_CODE = YES;
				CLANG_WARN__DUPLICATE_METHOD_MATCH = YES;
				COPY_PHASE_STRIP = NO;
				CURRENT_PROJECT_VERSION = 1;
				DEBUG_INFORMATION_FORMAT = "dwarf-with-dsym";
				ENABLE_NS_ASSERTIONS = NO;
				ENABLE_STRICT_OBJC_MSGSEND = YES;
				GCC_C_LANGUAGE_STANDARD = gnu11;
				GCC_NO_COMMON_BLOCKS = YES;
				GCC_WARN_64_TO_32_BIT_CONVERSION = YES;
				GCC_WARN_ABOUT_RETURN_TYPE = YES_ERROR;
				GCC_WARN_UNDECLARED_SELECTOR = YES;
				GCC_WARN_UNINITIALIZED_AUTOS = YES_AGGRESSIVE;
				GCC_WARN_UNUSED_FUNCTION = YES;
				GCC_WARN_UNUSED_VARIABLE = YES;
				IPHONEOS_DEPLOYMENT_TARGET = 11.0;
				MACOSX_DEPLOYMENT_TARGET = 10.15;
				MTL_ENABLE_DEBUG_INFO = NO;
				MTL_FAST_MATH = YES;
				SDKROOT = iphoneos;
				SUPPORTED_PLATFORMS = "macosx iphonesimulator iphoneos";
				SWIFT_COMPILATION_MODE = wholemodule;
				SWIFT_OPTIMIZATION_LEVEL = "-O";
				VALIDATE_PRODUCT = YES;
				VERSIONING_SYSTEM = "apple-generic";
				VERSION_INFO_PREFIX = "";
			};
			name = Release;
		};
		B4FEAE9926BEDBDA005F4A81 /* Debug */ = {
			isa = XCBuildConfiguration;
			baseConfigurationReference = B786EA058F20C10FFE92442B /* Pods-Domain.debug.xcconfig */;
			buildSettings = {
				CLANG_ENABLE_MODULES = YES;
				CODE_SIGN_STYLE = Automatic;
				DEFINES_MODULE = YES;
				DEVELOPMENT_TEAM = TA48V9TKT7;
				DYLIB_COMPATIBILITY_VERSION = 1;
				DYLIB_CURRENT_VERSION = 1;
				DYLIB_INSTALL_NAME_BASE = "@rpath";
				INFOPLIST_FILE = Domain/Info.plist;
				INSTALL_PATH = "$(LOCAL_LIBRARY_DIR)/Frameworks";
				IPHONEOS_DEPLOYMENT_TARGET = 11.0;
				LD_RUNPATH_SEARCH_PATHS = (
					"$(inherited)",
					"@executable_path/Frameworks",
					"@loader_path/Frameworks",
				);
				MACOSX_DEPLOYMENT_TARGET = 10.15;
				PRODUCT_BUNDLE_IDENTIFIER = br.com.andersonchagas.Domain;
				PRODUCT_NAME = "$(TARGET_NAME:c99extidentifier)";
				SDKROOT = macosx;
				SKIP_INSTALL = YES;
				SUPPORTED_PLATFORMS = "macosx iphonesimulator iphoneos";
				SWIFT_OPTIMIZATION_LEVEL = "-Onone";
				SWIFT_VERSION = 5.0;
				TARGETED_DEVICE_FAMILY = "1,2";
			};
			name = Debug;
		};
		B4FEAE9A26BEDBDA005F4A81 /* Release */ = {
			isa = XCBuildConfiguration;
			baseConfigurationReference = 6CCCE4833B384E0292E3A8B2 /* Pods-Domain.release.xcconfig */;
			buildSettings = {
				CLANG_ENABLE_MODULES = YES;
				CODE_SIGN_STYLE = Automatic;
				DEFINES_MODULE = YES;
				DEVELOPMENT_TEAM = TA48V9TKT7;
				DYLIB_COMPATIBILITY_VERSION = 1;
				DYLIB_CURRENT_VERSION = 1;
				DYLIB_INSTALL_NAME_BASE = "@rpath";
				INFOPLIST_FILE = Domain/Info.plist;
				INSTALL_PATH = "$(LOCAL_LIBRARY_DIR)/Frameworks";
				IPHONEOS_DEPLOYMENT_TARGET = 11.0;
				LD_RUNPATH_SEARCH_PATHS = (
					"$(inherited)",
					"@executable_path/Frameworks",
					"@loader_path/Frameworks",
				);
				MACOSX_DEPLOYMENT_TARGET = 10.15;
				PRODUCT_BUNDLE_IDENTIFIER = br.com.andersonchagas.Domain;
				PRODUCT_NAME = "$(TARGET_NAME:c99extidentifier)";
				SDKROOT = macosx;
				SKIP_INSTALL = YES;
				SUPPORTED_PLATFORMS = "macosx iphonesimulator iphoneos";
				SWIFT_VERSION = 5.0;
				TARGETED_DEVICE_FAMILY = "1,2";
			};
			name = Release;
		};
		B4FEAF8C26BEE93D005F4A81 /* Debug */ = {
			isa = XCBuildConfiguration;
			baseConfigurationReference = 13E956F8A777372D6859B456 /* Pods-Data.debug.xcconfig */;
			buildSettings = {
				CLANG_ENABLE_MODULES = YES;
				CODE_SIGN_STYLE = Automatic;
				COMBINE_HIDPI_IMAGES = YES;
				DEFINES_MODULE = YES;
				DEVELOPMENT_TEAM = TA48V9TKT7;
				DYLIB_COMPATIBILITY_VERSION = 1;
				DYLIB_CURRENT_VERSION = 1;
				DYLIB_INSTALL_NAME_BASE = "@rpath";
				INFOPLIST_FILE = Data/Info.plist;
				INSTALL_PATH = "$(LOCAL_LIBRARY_DIR)/Frameworks";
				IPHONEOS_DEPLOYMENT_TARGET = 11.0;
				LD_RUNPATH_SEARCH_PATHS = (
					"$(inherited)",
					"@executable_path/../Frameworks",
					"@loader_path/Frameworks",
				);
				MACOSX_DEPLOYMENT_TARGET = 10.15;
				PRODUCT_BUNDLE_IDENTIFIER = br.com.andersonchagas.Data;
				PRODUCT_NAME = "$(TARGET_NAME:c99extidentifier)";
				SDKROOT = macosx;
				SKIP_INSTALL = YES;
				SUPPORTED_PLATFORMS = "macosx iphonesimulator iphoneos";
				SWIFT_OPTIMIZATION_LEVEL = "-Onone";
				SWIFT_VERSION = 5.0;
			};
			name = Debug;
		};
		B4FEAF8D26BEE93D005F4A81 /* Release */ = {
			isa = XCBuildConfiguration;
			baseConfigurationReference = 74E579017E1385A0454F6931 /* Pods-Data.release.xcconfig */;
			buildSettings = {
				CLANG_ENABLE_MODULES = YES;
				CODE_SIGN_STYLE = Automatic;
				COMBINE_HIDPI_IMAGES = YES;
				DEFINES_MODULE = YES;
				DEVELOPMENT_TEAM = TA48V9TKT7;
				DYLIB_COMPATIBILITY_VERSION = 1;
				DYLIB_CURRENT_VERSION = 1;
				DYLIB_INSTALL_NAME_BASE = "@rpath";
				INFOPLIST_FILE = Data/Info.plist;
				INSTALL_PATH = "$(LOCAL_LIBRARY_DIR)/Frameworks";
				IPHONEOS_DEPLOYMENT_TARGET = 11.0;
				LD_RUNPATH_SEARCH_PATHS = (
					"$(inherited)",
					"@executable_path/../Frameworks",
					"@loader_path/Frameworks",
				);
				MACOSX_DEPLOYMENT_TARGET = 10.15;
				PRODUCT_BUNDLE_IDENTIFIER = br.com.andersonchagas.Data;
				PRODUCT_NAME = "$(TARGET_NAME:c99extidentifier)";
				SDKROOT = macosx;
				SKIP_INSTALL = YES;
				SUPPORTED_PLATFORMS = "macosx iphonesimulator iphoneos";
				SWIFT_VERSION = 5.0;
			};
			name = Release;
		};
		B4FEAF8F26BEE93D005F4A81 /* Debug */ = {
			isa = XCBuildConfiguration;
			baseConfigurationReference = 544CB692ACE77EAF0CD42B34 /* Pods-Data-DataTests.debug.xcconfig */;
			buildSettings = {
				ALWAYS_EMBED_SWIFT_STANDARD_LIBRARIES = YES;
				CODE_SIGN_STYLE = Automatic;
				COMBINE_HIDPI_IMAGES = YES;
				DEVELOPMENT_TEAM = TA48V9TKT7;
				INFOPLIST_FILE = DataTests/Info.plist;
				IPHONEOS_DEPLOYMENT_TARGET = 11.0;
				LD_RUNPATH_SEARCH_PATHS = (
					"$(inherited)",
					"@executable_path/../Frameworks",
					"@loader_path/../Frameworks",
				);
				MACOSX_DEPLOYMENT_TARGET = 10.15;
				PRODUCT_BUNDLE_IDENTIFIER = br.com.andersonchagas.DataTests;
				PRODUCT_NAME = "$(TARGET_NAME)";
				SDKROOT = macosx;
				SUPPORTED_PLATFORMS = "macosx iphonesimulator iphoneos";
				SWIFT_VERSION = 5.0;
			};
			name = Debug;
		};
		B4FEAF9026BEE93D005F4A81 /* Release */ = {
			isa = XCBuildConfiguration;
			baseConfigurationReference = C47EC0F78DB7792FFC5EE261 /* Pods-Data-DataTests.release.xcconfig */;
			buildSettings = {
				ALWAYS_EMBED_SWIFT_STANDARD_LIBRARIES = YES;
				CODE_SIGN_STYLE = Automatic;
				COMBINE_HIDPI_IMAGES = YES;
				DEVELOPMENT_TEAM = TA48V9TKT7;
				INFOPLIST_FILE = DataTests/Info.plist;
				IPHONEOS_DEPLOYMENT_TARGET = 11.0;
				LD_RUNPATH_SEARCH_PATHS = (
					"$(inherited)",
					"@executable_path/../Frameworks",
					"@loader_path/../Frameworks",
				);
				MACOSX_DEPLOYMENT_TARGET = 10.15;
				PRODUCT_BUNDLE_IDENTIFIER = br.com.andersonchagas.DataTests;
				PRODUCT_NAME = "$(TARGET_NAME)";
				SDKROOT = macosx;
				SUPPORTED_PLATFORMS = "macosx iphonesimulator iphoneos";
				SWIFT_VERSION = 5.0;
			};
			name = Release;
		};
		B4FEAFE126BF10E2005F4A81 /* Debug */ = {
			isa = XCBuildConfiguration;
			baseConfigurationReference = 12567D82B47776B25771EEFD /* Pods-Infra.debug.xcconfig */;
			buildSettings = {
				CLANG_ENABLE_MODULES = YES;
				CODE_SIGN_STYLE = Automatic;
				COMBINE_HIDPI_IMAGES = YES;
				DEFINES_MODULE = YES;
				DEVELOPMENT_TEAM = TA48V9TKT7;
				DYLIB_COMPATIBILITY_VERSION = 1;
				DYLIB_CURRENT_VERSION = 1;
				DYLIB_INSTALL_NAME_BASE = "@rpath";
				INFOPLIST_FILE = Infra/Info.plist;
				INSTALL_PATH = "$(LOCAL_LIBRARY_DIR)/Frameworks";
				IPHONEOS_DEPLOYMENT_TARGET = 11.0;
				LD_RUNPATH_SEARCH_PATHS = (
					"$(inherited)",
					"@executable_path/../Frameworks",
					"@loader_path/Frameworks",
				);
				MACOSX_DEPLOYMENT_TARGET = 10.15;
				PRODUCT_BUNDLE_IDENTIFIER = br.com.andersonchagas.Infra;
				PRODUCT_NAME = "$(TARGET_NAME:c99extidentifier)";
				SDKROOT = macosx;
				SKIP_INSTALL = YES;
				SUPPORTED_PLATFORMS = "macosx iphoneos iphonesimulator";
				SWIFT_OPTIMIZATION_LEVEL = "-Onone";
				SWIFT_VERSION = 5.0;
			};
			name = Debug;
		};
		B4FEAFE226BF10E2005F4A81 /* Release */ = {
			isa = XCBuildConfiguration;
			baseConfigurationReference = BED13A75B85501BA76DDA72D /* Pods-Infra.release.xcconfig */;
			buildSettings = {
				CLANG_ENABLE_MODULES = YES;
				CODE_SIGN_STYLE = Automatic;
				COMBINE_HIDPI_IMAGES = YES;
				DEFINES_MODULE = YES;
				DEVELOPMENT_TEAM = TA48V9TKT7;
				DYLIB_COMPATIBILITY_VERSION = 1;
				DYLIB_CURRENT_VERSION = 1;
				DYLIB_INSTALL_NAME_BASE = "@rpath";
				INFOPLIST_FILE = Infra/Info.plist;
				INSTALL_PATH = "$(LOCAL_LIBRARY_DIR)/Frameworks";
				IPHONEOS_DEPLOYMENT_TARGET = 11.0;
				LD_RUNPATH_SEARCH_PATHS = (
					"$(inherited)",
					"@executable_path/../Frameworks",
					"@loader_path/Frameworks",
				);
				MACOSX_DEPLOYMENT_TARGET = 10.15;
				PRODUCT_BUNDLE_IDENTIFIER = br.com.andersonchagas.Infra;
				PRODUCT_NAME = "$(TARGET_NAME:c99extidentifier)";
				SDKROOT = macosx;
				SKIP_INSTALL = YES;
				SUPPORTED_PLATFORMS = "macosx iphoneos iphonesimulator";
				SWIFT_VERSION = 5.0;
			};
			name = Release;
		};
		B4FEAFE426BF10E2005F4A81 /* Debug */ = {
			isa = XCBuildConfiguration;
			baseConfigurationReference = A1E9B9320D3D1AFA4A38E7EA /* Pods-Infra-InfraTests.debug.xcconfig */;
			buildSettings = {
				CODE_SIGN_STYLE = Automatic;
				COMBINE_HIDPI_IMAGES = YES;
				DEVELOPMENT_TEAM = TA48V9TKT7;
				INFOPLIST_FILE = InfraTests/Info.plist;
				IPHONEOS_DEPLOYMENT_TARGET = 11.0;
				LD_RUNPATH_SEARCH_PATHS = (
					"$(inherited)",
					"@executable_path/../Frameworks",
					"@loader_path/../Frameworks",
				);
				MACOSX_DEPLOYMENT_TARGET = 10.15;
				PRODUCT_BUNDLE_IDENTIFIER = br.com.andersonchagas.InfraTests;
				PRODUCT_NAME = "$(TARGET_NAME)";
				SDKROOT = macosx;
				SUPPORTED_PLATFORMS = "macosx iphonesimulator iphoneos";
				SWIFT_VERSION = 5.0;
			};
			name = Debug;
		};
		B4FEAFE526BF10E2005F4A81 /* Release */ = {
			isa = XCBuildConfiguration;
			baseConfigurationReference = EC03B0ED98EDB48462FD8BD0 /* Pods-Infra-InfraTests.release.xcconfig */;
			buildSettings = {
				CODE_SIGN_STYLE = Automatic;
				COMBINE_HIDPI_IMAGES = YES;
				DEVELOPMENT_TEAM = TA48V9TKT7;
				INFOPLIST_FILE = InfraTests/Info.plist;
				IPHONEOS_DEPLOYMENT_TARGET = 11.0;
				LD_RUNPATH_SEARCH_PATHS = (
					"$(inherited)",
					"@executable_path/../Frameworks",
					"@loader_path/../Frameworks",
				);
				MACOSX_DEPLOYMENT_TARGET = 10.15;
				PRODUCT_BUNDLE_IDENTIFIER = br.com.andersonchagas.InfraTests;
				PRODUCT_NAME = "$(TARGET_NAME)";
				SDKROOT = macosx;
				SUPPORTED_PLATFORMS = "macosx iphonesimulator iphoneos";
				SWIFT_VERSION = 5.0;
			};
			name = Release;
		};
/* End XCBuildConfiguration section */

/* Begin XCConfigurationList section */
		B4370AA526BF52300070C155 /* Build configuration list for PBXNativeTarget "UseCaseIntegrationTests" */ = {
			isa = XCConfigurationList;
			buildConfigurations = (
				B4370AA626BF52300070C155 /* Debug */,
				B4370AA726BF52300070C155 /* Release */,
			);
			defaultConfigurationIsVisible = 0;
			defaultConfigurationName = Release;
		};
		B4FEAE7B26BEDBB7005F4A81 /* Build configuration list for PBXProject "LuizaLabs" */ = {
			isa = XCConfigurationList;
			buildConfigurations = (
				B4FEAE8726BEDBB7005F4A81 /* Debug */,
				B4FEAE8826BEDBB7005F4A81 /* Release */,
			);
			defaultConfigurationIsVisible = 0;
			defaultConfigurationName = Release;
		};
		B4FEAE9826BEDBDA005F4A81 /* Build configuration list for PBXNativeTarget "Domain" */ = {
			isa = XCConfigurationList;
			buildConfigurations = (
				B4FEAE9926BEDBDA005F4A81 /* Debug */,
				B4FEAE9A26BEDBDA005F4A81 /* Release */,
			);
			defaultConfigurationIsVisible = 0;
			defaultConfigurationName = Release;
		};
		B4FEAF8B26BEE93D005F4A81 /* Build configuration list for PBXNativeTarget "Data" */ = {
			isa = XCConfigurationList;
			buildConfigurations = (
				B4FEAF8C26BEE93D005F4A81 /* Debug */,
				B4FEAF8D26BEE93D005F4A81 /* Release */,
			);
			defaultConfigurationIsVisible = 0;
			defaultConfigurationName = Release;
		};
		B4FEAF8E26BEE93D005F4A81 /* Build configuration list for PBXNativeTarget "DataTests" */ = {
			isa = XCConfigurationList;
			buildConfigurations = (
				B4FEAF8F26BEE93D005F4A81 /* Debug */,
				B4FEAF9026BEE93D005F4A81 /* Release */,
			);
			defaultConfigurationIsVisible = 0;
			defaultConfigurationName = Release;
		};
		B4FEAFE026BF10E2005F4A81 /* Build configuration list for PBXNativeTarget "Infra" */ = {
			isa = XCConfigurationList;
			buildConfigurations = (
				B4FEAFE126BF10E2005F4A81 /* Debug */,
				B4FEAFE226BF10E2005F4A81 /* Release */,
			);
			defaultConfigurationIsVisible = 0;
			defaultConfigurationName = Release;
		};
		B4FEAFE326BF10E2005F4A81 /* Build configuration list for PBXNativeTarget "InfraTests" */ = {
			isa = XCConfigurationList;
			buildConfigurations = (
				B4FEAFE426BF10E2005F4A81 /* Debug */,
				B4FEAFE526BF10E2005F4A81 /* Release */,
			);
			defaultConfigurationIsVisible = 0;
			defaultConfigurationName = Release;
		};
/* End XCConfigurationList section */
	};
	rootObject = B4FEAE7826BEDBB7005F4A81 /* Project object */;
}
